
Microsoft Visual Studio Solution File, Format Version 12.00
# Visual Studio Version 16
VisualStudioVersion = 16.0.810.19
MinimumVisualStudioVersion = 10.0.40219.1
Project("{FAE04EC0-301F-11D3-BF4B-00C04F79EFBC}") = "Iterator", "Iterator\Iterator.csproj", "{A6F11F9D-3AE2-497E-82BC-81CD8A68C3E7}"
EndProject
Global
	GlobalSection(SolutionConfigurationPlatforms) = preSolution
		Debug|anycpu = Debug|anycpu
		Release|anycpu = Release|anycpu
	EndGlobalSection
	GlobalSection(ProjectConfigurationPlatforms) = postSolution
		{A6F11F9D-3AE2-497E-82BC-81CD8A68C3E7}.Debug|anycpu.ActiveCfg = Debug|anycpu
		{A6F11F9D-3AE2-497E-82BC-81CD8A68C3E7}.Debug|anycpu.Build.0 = Debug|anycpu
		{A6F11F9D-3AE2-497E-82BC-81CD8A68C3E7}.Release|anycpu.ActiveCfg = Release|anycpu
		{A6F11F9D-3AE2-497E-82BC-81CD8A68C3E7}.Release|anycpu.Build.0 = Release|anycpu
	EndGlobalSection
	GlobalSection(SolutionProperties) = preSolution
		HideSolutionNode = FALSE
	EndGlobalSection
	GlobalSection(ExtensibilityGlobals) = postSolution
		SolutionGuid = {0D9497D4-8B14-40CD-AB4D-D5F1BE13D695}
	EndGlobalSection
EndGlobal
