
Microsoft Visual Studio Solution File, Format Version 12.00
# Visual Studio Version 16
VisualStudioVersion = 16.0.810.19
MinimumVisualStudioVersion = 10.0.40219.1
Project("{FAE04EC0-301F-11D3-BF4B-00C04F79EFBC}") = "CommandPattern", "CommandPattern\CommandPattern.csproj", "{D3FEB0BE-6341-4D15-88C4-25740E50E6FC}"
EndProject
Global
	GlobalSection(SolutionConfigurationPlatforms) = preSolution
		Debug|anycpu = Debug|anycpu
		Release|anycpu = Release|anycpu
	EndGlobalSection
	GlobalSection(ProjectConfigurationPlatforms) = postSolution
		{D3FEB0BE-6341-4D15-88C4-25740E50E6FC}.Debug|anycpu.ActiveCfg = Debug|anycpu
		{D3FEB0BE-6341-4D15-88C4-25740E50E6FC}.Debug|anycpu.Build.0 = Debug|anycpu
		{D3FEB0BE-6341-4D15-88C4-25740E50E6FC}.Release|anycpu.ActiveCfg = Release|anycpu
		{D3FEB0BE-6341-4D15-88C4-25740E50E6FC}.Release|anycpu.Build.0 = Release|anycpu
	EndGlobalSection
	GlobalSection(SolutionProperties) = preSolution
		HideSolutionNode = FALSE
	EndGlobalSection
	GlobalSection(ExtensibilityGlobals) = postSolution
		SolutionGuid = {CEAAF79E-1672-42E8-8A68-F9FDBA4986B8}
	EndGlobalSection
EndGlobal
